// !$*UTF8*$!
{
	archiveVersion = 1;
	classes = {
	};
	objectVersion = 46;
	objects = {

/* Begin PBXBuildFile section */
		9626B9181ED216BD00812772 /* AppDelegate.swift in Sources */ = {isa = PBXBuildFile; fileRef = 9626B9171ED216BD00812772 /* AppDelegate.swift */; };
		9626B91A1ED216BD00812772 /* TasksViewController.swift in Sources */ = {isa = PBXBuildFile; fileRef = 9626B9191ED216BD00812772 /* TasksViewController.swift */; };
		9626B91D1ED216BD00812772 /* Main.storyboard in Resources */ = {isa = PBXBuildFile; fileRef = 9626B91B1ED216BD00812772 /* Main.storyboard */; };
		9626B9201ED216BD00812772 /* doit.xcdatamodeld in Sources */ = {isa = PBXBuildFile; fileRef = 9626B91E1ED216BD00812772 /* doit.xcdatamodeld */; };
		9626B9221ED216BD00812772 /* Assets.xcassets in Resources */ = {isa = PBXBuildFile; fileRef = 9626B9211ED216BD00812772 /* Assets.xcassets */; };
		9626B9311ED220A900812772 /* CreateTaskViewController.swift in Sources */ = {isa = PBXBuildFile; fileRef = 9626B9301ED220A900812772 /* CreateTaskViewController.swift */; };
		96B51F331EDC9DCE00FCA0FE /* CompleteTaskViewController.swift in Sources */ = {isa = PBXBuildFile; fileRef = 96B51F321EDC9DCE00FCA0FE /* CompleteTaskViewController.swift */; };
/* End PBXBuildFile section */

/* Begin PBXFileReference section */
		9626B9141ED216BD00812772 /* doit.app */ = {isa = PBXFileReference; explicitFileType = wrapper.application; includeInIndex = 0; path = doit.app; sourceTree = BUILT_PRODUCTS_DIR; };
		9626B9171ED216BD00812772 /* AppDelegate.swift */ = {isa = PBXFileReference; lastKnownFileType = sourcecode.swift; path = AppDelegate.swift; sourceTree = "<group>"; };
		9626B9191ED216BD00812772 /* TasksViewController.swift */ = {isa = PBXFileReference; lastKnownFileType = sourcecode.swift; path = TasksViewController.swift; sourceTree = "<group>"; };
		9626B91C1ED216BD00812772 /* Base */ = {isa = PBXFileReference; lastKnownFileType = file.storyboard; name = Base; path = Base.lproj/Main.storyboard; sourceTree = "<group>"; };
		9626B91F1ED216BD00812772 /* doit.xcdatamodel */ = {isa = PBXFileReference; lastKnownFileType = wrapper.xcdatamodel; path = doit.xcdatamodel; sourceTree = "<group>"; };
		9626B9211ED216BD00812772 /* Assets.xcassets */ = {isa = PBXFileReference; lastKnownFileType = folder.assetcatalog; path = Assets.xcassets; sourceTree = "<group>"; };
		9626B9261ED216BD00812772 /* Info.plist */ = {isa = PBXFileReference; lastKnownFileType = text.plist.xml; path = Info.plist; sourceTree = "<group>"; };
		9626B9301ED220A900812772 /* CreateTaskViewController.swift */ = {isa = PBXFileReference; fileEncoding = 4; lastKnownFileType = sourcecode.swift; path = CreateTaskViewController.swift; sourceTree = "<group>"; };
		96B51F321EDC9DCE00FCA0FE /* CompleteTaskViewController.swift */ = {isa = PBXFileReference; fileEncoding = 4; lastKnownFileType = sourcecode.swift; path = CompleteTaskViewController.swift; sourceTree = "<group>"; };
/* End PBXFileReference section */

/* Begin PBXFrameworksBuildPhase section */
		9626B9111ED216BD00812772 /* Frameworks */ = {
			isa = PBXFrameworksBuildPhase;
			buildActionMask = 2147483647;
			files = (
			);
			runOnlyForDeploymentPostprocessing = 0;
		};
/* End PBXFrameworksBuildPhase section */

/* Begin PBXGroup section */
		9626B90B1ED216BD00812772 = {
			isa = PBXGroup;
			children = (
				9626B9161ED216BD00812772 /* doit */,
				9626B9151ED216BD00812772 /* Products */,
			);
			sourceTree = "<group>";
		};
		9626B9151ED216BD00812772 /* Products */ = {
			isa = PBXGroup;
			children = (
				9626B9141ED216BD00812772 /* doit.app */,
			);
			name = Products;
			sourceTree = "<group>";
		};
		9626B9161ED216BD00812772 /* doit */ = {
			isa = PBXGroup;
			children = (
				9626B9171ED216BD00812772 /* AppDelegate.swift */,
				9626B9191ED216BD00812772 /* TasksViewController.swift */,
				9626B9301ED220A900812772 /* CreateTaskViewController.swift */,
				96B51F321EDC9DCE00FCA0FE /* CompleteTaskViewController.swift */,
				9626B91B1ED216BD00812772 /* Main.storyboard */,
				9626B9211ED216BD00812772 /* Assets.xcassets */,
				9626B9261ED216BD00812772 /* Info.plist */,
				9626B91E1ED216BD00812772 /* doit.xcdatamodeld */,
			);
			path = doit;
			sourceTree = "<group>";
		};
/* End PBXGroup section */

/* Begin PBXNativeTarget section */
		9626B9131ED216BD00812772 /* doit */ = {
			isa = PBXNativeTarget;
			buildConfigurationList = 9626B9291ED216BD00812772 /* Build configuration list for PBXNativeTarget "doit" */;
			buildPhases = (
				9626B9101ED216BD00812772 /* Sources */,
				9626B9111ED216BD00812772 /* Frameworks */,
				9626B9121ED216BD00812772 /* Resources */,
			);
			buildRules = (
			);
			dependencies = (
			);
			name = doit;
			productName = doit;
			productReference = 9626B9141ED216BD00812772 /* doit.app */;
			productType = "com.apple.product-type.application";
		};
/* End PBXNativeTarget section */

/* Begin PBXProject section */
		9626B90C1ED216BD00812772 /* Project object */ = {
			isa = PBXProject;
			attributes = {
				LastSwiftUpdateCheck = 0820;
				LastUpgradeCheck = 0820;
				ORGANIZATIONNAME = "Joshua Martin";
				TargetAttributes = {
					9626B9131ED216BD00812772 = {
						CreatedOnToolsVersion = 8.2.1;
						ProvisioningStyle = Automatic;
					};
				};
			};
			buildConfigurationList = 9626B90F1ED216BD00812772 /* Build configuration list for PBXProject "doit" */;
			compatibilityVersion = "Xcode 3.2";
			developmentRegion = English;
			hasScannedForEncodings = 0;
			knownRegions = (
				en,
				Base,
			);
			mainGroup = 9626B90B1ED216BD00812772;
			productRefGroup = 9626B9151ED216BD00812772 /* Products */;
			projectDirPath = "";
			projectRoot = "";
			targets = (
				9626B9131ED216BD00812772 /* doit */,
			);
		};
/* End PBXProject section */

/* Begin PBXResourcesBuildPhase section */
		9626B9121ED216BD00812772 /* Resources */ = {
			isa = PBXResourcesBuildPhase;
			buildActionMask = 2147483647;
			files = (
				9626B9221ED216BD00812772 /* Assets.xcassets in Resources */,
				9626B91D1ED216BD00812772 /* Main.storyboard in Resources */,
			);
			runOnlyForDeploymentPostprocessing = 0;
		};
/* End PBXResourcesBuildPhase section */

/* Begin PBXSourcesBuildPhase section */
		9626B9101ED216BD00812772 /* Sources */ = {
			isa = PBXSourcesBuildPhase;
			buildActionMask = 2147483647;
			files = (
				9626B9201ED216BD00812772 /* doit.xcdatamodeld in Sources */,
				96B51F331EDC9DCE00FCA0FE /* CompleteTaskViewController.swift in Sources */,
				9626B91A1ED216BD00812772 /* TasksViewController.swift in Sources */,
				9626B9181ED216BD00812772 /* AppDelegate.swift in Sources */,
				9626B9311ED220A900812772 /* CreateTaskViewController.swift in Sources */,
			);
			runOnlyForDeploymentPostprocessing = 0;
		};
/* End PBXSourcesBuildPhase section */

/* Begin PBXVariantGroup section */
		9626B91B1ED216BD00812772 /* Main.storyboard */ = {
			isa = PBXVariantGroup;
			children = (
				9626B91C1ED216BD00812772 /* Base */,
			);
			name = Main.storyboard;
			sourceTree = "<group>";
		};
/* End PBXVariantGroup section */

/* Begin XCBuildConfiguration section */
		9626B9271ED216BD00812772 /* Debug */ = {
			isa = XCBuildConfiguration;
			buildSettings = {
				ALWAYS_SEARCH_USER_PATHS = NO;
				CLANG_ANALYZER_NONNULL = YES;
				CLANG_CXX_LANGUAGE_STANDARD = "gnu++0x";
				CLANG_CXX_LIBRARY = "libc++";
				CLANG_ENABLE_MODULES = YES;
				CLANG_ENABLE_OBJC_ARC = YES;
				CLANG_WARN_BOOL_CONVERSION = YES;
				CLANG_WARN_CONSTANT_CONVERSION = YES;
				CLANG_WARN_DIRECT_OBJC_ISA_USAGE = YES_ERROR;
				CLANG_WARN_DOCUMENTATION_COMMENTS = YES;
				CLANG_WARN_EMPTY_BODY = YES;
				CLANG_WARN_ENUM_CONVERSION = YES;
				CLANG_WARN_INFINITE_RECURSION = YES;
				CLANG_WARN_INT_CONVERSION = YES;
				CLANG_WARN_OBJC_ROOT_CLASS = YES_ERROR;
				CLANG_WARN_SUSPICIOUS_MOVE = YES;
				CLANG_WARN_UNREACHABLE_CODE = YES;
				CLANG_WARN__DUPLICATE_METHOD_MATCH = YES;
				"CODE_SIGN_IDENTITY[sdk=iphoneos*]" = "iPhone Developer";
				COPY_PHASE_STRIP = NO;
				DEBUG_INFORMATION_FORMAT = dwarf;
				ENABLE_STRICT_OBJC_MSGSEND = YES;
				ENABLE_TESTABILITY = YES;
				GCC_C_LANGUAGE_STANDARD = gnu99;
				GCC_DYNAMIC_NO_PIC = NO;
				GCC_NO_COMMON_BLOCKS = YES;
				GCC_OPTIMIZATION_LEVEL = 0;
				GCC_PREPROCESSOR_DEFINITIONS = (
					"DEBUG=1",
					"$(inherited)",
				);
				GCC_WARN_64_TO_32_BIT_CONVERSION = YES;
				GCC_WARN_ABOUT_RETURN_TYPE = YES_ERROR;
				GCC_WARN_UNDECLARED_SELECTOR = YES;
				GCC_WARN_UNINITIALIZED_AUTOS = YES_AGGRESSIVE;
				GCC_WARN_UNUSED_FUNCTION = YES;
				GCC_WARN_UNUSED_VARIABLE = YES;
				IPHONEOS_DEPLOYMENT_TARGET = 10.2;
				MTL_ENABLE_DEBUG_INFO = YES;
				ONLY_ACTIVE_ARCH = YES;
				SDKROOT = iphoneos;
				SWIFT_ACTIVE_COMPILATION_CONDITIONS = DEBUG;
				SWIFT_OPTIMIZATION_LEVEL = "-Onone";
				TARGETED_DEVICE_FAMILY = "1,2";
			};
			name = Debug;
		};
		9626B9281ED216BD00812772 /* Release */ = {
			isa = XCBuildConfiguration;
			buildSettings = {
				ALWAYS_SEARCH_USER_PATHS = NO;
				CLANG_ANALYZER_NONNULL = YES;
				CLANG_CXX_LANGUAGE_STANDARD = "gnu++0x";
				CLANG_CXX_LIBRARY = "libc++";
				CLANG_ENABLE_MODULES = YES;
				CLANG_ENABLE_OBJC_ARC = YES;
				CLANG_WARN_BOOL_CONVERSION = YES;
				CLANG_WARN_CONSTANT_CONVERSION = YES;
				CLANG_WARN_DIRECT_OBJC_ISA_USAGE = YES_ERROR;
				CLANG_WARN_DOCUMENTATION_COMMENTS = YES;
				CLANG_WARN_EMPTY_BODY = YES;
				CLANG_WARN_ENUM_CONVERSION = YES;
				CLANG_WARN_INFINITE_RECURSION = YES;
				CLANG_WARN_INT_CONVERSION = YES;
				CLANG_WARN_OBJC_ROOT_CLASS = YES_ERROR;
				CLANG_WARN_SUSPICIOUS_MOVE = YES;
				CLANG_WARN_UNREACHABLE_CODE = YES;
				CLANG_WARN__DUPLICATE_METHOD_MATCH = YES;
				"CODE_SIGN_IDENTITY[sdk=iphoneos*]" = "iPhone Developer";
				COPY_PHASE_STRIP = NO;
				DEBUG_INFORMATION_FORMAT = "dwarf-with-dsym";
				ENABLE_NS_ASSERTIONS = NO;
				ENABLE_STRICT_OBJC_MSGSEND = YES;
				GCC_C_LANGUAGE_STANDARD = gnu99;
				GCC_NO_COMMON_BLOCKS = YES;
				GCC_WARN_64_TO_32_BIT_CONVERSION = YES;
				GCC_WARN_ABOUT_RETURN_TYPE = YES_ERROR;
				GCC_WARN_UNDECLARED_SELECTOR = YES;
				GCC_WARN_UNINITIALIZED_AUTOS = YES_AGGRESSIVE;
				GCC_WARN_UNUSED_FUNCTION = YES;
				GCC_WARN_UNUSED_VARIABLE = YES;
				IPHONEOS_DEPLOYMENT_TARGET = 10.2;
				MTL_ENABLE_DEBUG_INFO = NO;
				SDKROOT = iphoneos;
				SWIFT_OPTIMIZATION_LEVEL = "-Owholemodule";
				TARGETED_DEVICE_FAMILY = "1,2";
				VALIDATE_PRODUCT = YES;
			};
			name = Release;
		};
		9626B92A1ED216BD00812772 /* Debug */ = {
			isa = XCBuildConfiguration;
			buildSettings = {
				ASSETCATALOG_COMPILER_APPICON_NAME = AppIcon;
				INFOPLIST_FILE = doit/Info.plist;
				LD_RUNPATH_SEARCH_PATHS = "$(inherited) @executable_path/Frameworks";
				PRODUCT_BUNDLE_IDENTIFIER = com.appsbruh.doit;
				PRODUCT_NAME = "$(TARGET_NAME)";
				SWIFT_VERSION = 3.0;
			};
			name = Debug;
		};
		9626B92B1ED216BD00812772 /* Release */ = {
			isa = XCBuildConfiguration;
			buildSettings = {
				ASSETCATALOG_COMPILER_APPICON_NAME = AppIcon;
				INFOPLIST_FILE = doit/Info.plist;
				LD_RUNPATH_SEARCH_PATHS = "$(inherited) @executable_path/Frameworks";
				PRODUCT_BUNDLE_IDENTIFIER = com.appsbruh.doit;
				PRODUCT_NAME = "$(TARGET_NAME)";
				SWIFT_VERSION = 3.0;
			};
			name = Release;
		};
/* End XCBuildConfiguration section */

/* Begin XCConfigurationList section */
		9626B90F1ED216BD00812772 /* Build configuration list for PBXProject "doit" */ = {
			isa = XCConfigurationList;
			buildConfigurations = (
				9626B9271ED216BD00812772 /* Debug */,
				9626B9281ED216BD00812772 /* Release */,
			);
			defaultConfigurationIsVisible = 0;
			defaultConfigurationName = Release;
		};
		9626B9291ED216BD00812772 /* Build configuration list for PBXNativeTarget "doit" */ = {
			isa = XCConfigurationList;
			buildConfigurations = (
				9626B92A1ED216BD00812772 /* Debug */,
				9626B92B1ED216BD00812772 /* Release */,
			);
			defaultConfigurationIsVisible = 0;
			defaultConfigurationName = Release;
		};
/* End XCConfigurationList section */

/* Begin XCVersionGroup section */
		9626B91E1ED216BD00812772 /* doit.xcdatamodeld */ = {
			isa = XCVersionGroup;
			children = (
				9626B91F1ED216BD00812772 /* doit.xcdatamodel */,
			);
			currentVersion = 9626B91F1ED216BD00812772 /* doit.xcdatamodel */;
			path = doit.xcdatamodeld;
			sourceTree = "<group>";
			versionGroupType = wrapper.xcdatamodel;
		};
/* End XCVersionGroup section */
	};
	rootObject = 9626B90C1ED216BD00812772 /* Project object */;
}
